{
  "version": 4,
  "terraform_version": "1.5.1",
  "serial": 12,
  "lineage": "9b074b74-ae4b-ac1d-fbd1-867982f57ad3",
  "outputs": {},
  "resources": [
    {
      "mode": "managed",
      "type": "azurerm_data_factory",
      "name": "adf-dev",
      "provider": "provider[\"registry.terraform.io/hashicorp/azurerm\"]",
      "instances": [
        {
          "schema_version": 2,
          "attributes": {
            "customer_managed_key_id": "",
            "customer_managed_key_identity_id": "",
            "github_configuration": [],
            "global_parameter": [],
            "id": "/subscriptions/e2c38af7-770e-4f47-8bb6-fa179ed0e449/resourceGroups/RG_Dev/providers/Microsoft.DataFactory/factories/adf-dev-idlnxp",
            "identity": [],
            "location": "westus2",
            "managed_virtual_network_enabled": false,
            "name": "adf-dev-idlnxp",
            "public_network_enabled": true,
            "resource_group_name": "RG_Dev",
            "tags": null,
            "timeouts": null,
            "vsts_configuration": []
          },
          "sensitive_attributes": [],
          "private": "eyJlMmJmYjczMC1lY2FhLTExZTYtOGY4OC0zNDM2M2JjN2M0YzAiOnsiY3JlYXRlIjoxODAwMDAwMDAwMDAwLCJkZWxldGUiOjE4MDAwMDAwMDAwMDAsInJlYWQiOjMwMDAwMDAwMDAwMCwidXBkYXRlIjoxODAwMDAwMDAwMDAwfSwic2NoZW1hX3ZlcnNpb24iOiIyIn0=",
          "dependencies": [
            "azurerm_resource_group.rg"
          ]
        }
      ]
    },
    {
      "mode": "managed",
      "type": "azurerm_resource_group",
      "name": "rg",
      "provider": "provider[\"registry.terraform.io/hashicorp/azurerm\"]",
      "instances": [
        {
          "schema_version": 0,
          "attributes": {
            "id": "/subscriptions/e2c38af7-770e-4f47-8bb6-fa179ed0e449/resourceGroups/RG_Dev",
            "location": "westus2",
            "name": "RG_Dev",
            "tags": null,
            "timeouts": null
          },
          "sensitive_attributes": [],
          "private": "eyJlMmJmYjczMC1lY2FhLTExZTYtOGY4OC0zNDM2M2JjN2M0YzAiOnsiY3JlYXRlIjo1NDAwMDAwMDAwMDAwLCJkZWxldGUiOjU0MDAwMDAwMDAwMDAsInJlYWQiOjMwMDAwMDAwMDAwMCwidXBkYXRlIjo1NDAwMDAwMDAwMDAwfX0="
        }
      ]
    },
    {
      "mode": "managed",
      "type": "azurerm_storage_account",
      "name": "adb-dev",
      "provider": "provider[\"registry.terraform.io/hashicorp/azurerm\"]",
      "instances": [
        {
          "schema_version": 3,
          "attributes": {
            "access_tier": "Hot",
            "account_kind": "StorageV2",
            "account_replication_type": "LRS",
            "account_tier": "Standard",
            "allow_nested_items_to_be_public": true,
            "azure_files_authentication": [],
            "blob_properties": [
              {
                "change_feed_enabled": false,
                "container_delete_retention_policy": [],
                "cors_rule": [],
                "default_service_version": "",
                "delete_retention_policy": [],
                "last_access_time_enabled": false,
                "versioning_enabled": false
              }
            ],
            "custom_domain": [],
            "customer_managed_key": [],
            "edge_zone": "",
            "enable_https_traffic_only": true,
            "id": "/subscriptions/e2c38af7-770e-4f47-8bb6-fa179ed0e449/resourceGroups/RG_Dev/providers/Microsoft.Storage/storageAccounts/adbdevidlnxp",
            "identity": [],
            "infrastructure_encryption_enabled": false,
            "is_hns_enabled": true,
            "large_file_share_enabled": null,
            "location": "westus2",
            "min_tls_version": "TLS1_2",
            "name": "adbdevidlnxp",
            "network_rules": [
              {
                "bypass": [
                  "AzureServices"
                ],
                "default_action": "Allow",
                "ip_rules": [],
                "private_link_access": [],
                "virtual_network_subnet_ids": []
              }
            ],
            "nfsv3_enabled": false,
            "primary_access_key": "JlqStF1z/Fo7VPnayOx/zuHd19noBhNTTGIxIlzT9fA9ZavRfVPFsYKJ/94bh4HpbFUqpTKla7UB+AStQTThSw==",
            "primary_blob_connection_string": "DefaultEndpointsProtocol=https;BlobEndpoint=https://adbdevidlnxp.blob.core.windows.net/;AccountName=adbdevidlnxp;AccountKey=JlqStF1z/Fo7VPnayOx/zuHd19noBhNTTGIxIlzT9fA9ZavRfVPFsYKJ/94bh4HpbFUqpTKla7UB+AStQTThSw==",
            "primary_blob_endpoint": "https://adbdevidlnxp.blob.core.windows.net/",
            "primary_blob_host": "adbdevidlnxp.blob.core.windows.net",
            "primary_connection_string": "DefaultEndpointsProtocol=https;AccountName=adbdevidlnxp;AccountKey=JlqStF1z/Fo7VPnayOx/zuHd19noBhNTTGIxIlzT9fA9ZavRfVPFsYKJ/94bh4HpbFUqpTKla7UB+AStQTThSw==;EndpointSuffix=core.windows.net",
            "primary_dfs_endpoint": "https://adbdevidlnxp.dfs.core.windows.net/",
            "primary_dfs_host": "adbdevidlnxp.dfs.core.windows.net",
            "primary_file_endpoint": "https://adbdevidlnxp.file.core.windows.net/",
            "primary_file_host": "adbdevidlnxp.file.core.windows.net",
            "primary_location": "westus2",
            "primary_queue_endpoint": "https://adbdevidlnxp.queue.core.windows.net/",
            "primary_queue_host": "adbdevidlnxp.queue.core.windows.net",
            "primary_table_endpoint": "https://adbdevidlnxp.table.core.windows.net/",
            "primary_table_host": "adbdevidlnxp.table.core.windows.net",
            "primary_web_endpoint": "https://adbdevidlnxp.z5.web.core.windows.net/",
            "primary_web_host": "adbdevidlnxp.z5.web.core.windows.net",
            "queue_encryption_key_type": "Service",
            "queue_properties": [
              {
                "cors_rule": [],
                "hour_metrics": [
                  {
                    "enabled": true,
                    "include_apis": true,
                    "retention_policy_days": 7,
                    "version": "1.0"
                  }
                ],
                "logging": [
                  {
                    "delete": false,
                    "read": false,
                    "retention_policy_days": 0,
                    "version": "1.0",
                    "write": false
                  }
                ],
                "minute_metrics": [
                  {
                    "enabled": false,
                    "include_apis": false,
                    "retention_policy_days": 0,
                    "version": "1.0"
                  }
                ]
              }
            ],
            "resource_group_name": "RG_Dev",
            "routing": [],
            "secondary_access_key": "AhoqY+NHnXatn14iKpuUuj5cCb9tBWTtg9CC24RMzZvHOZvjqtqI2gOBZ+SgP1MsZqxpUO0/iUT8+AStvo2K1A==",
            "secondary_blob_connection_string": "",
            "secondary_blob_endpoint": null,
            "secondary_blob_host": null,
            "secondary_connection_string": "DefaultEndpointsProtocol=https;AccountName=adbdevidlnxp;AccountKey=AhoqY+NHnXatn14iKpuUuj5cCb9tBWTtg9CC24RMzZvHOZvjqtqI2gOBZ+SgP1MsZqxpUO0/iUT8+AStvo2K1A==;EndpointSuffix=core.windows.net",
            "secondary_dfs_endpoint": null,
            "secondary_dfs_host": null,
            "secondary_file_endpoint": null,
            "secondary_file_host": null,
            "secondary_location": "",
            "secondary_queue_endpoint": null,
            "secondary_queue_host": null,
            "secondary_table_endpoint": null,
            "secondary_table_host": null,
            "secondary_web_endpoint": null,
            "secondary_web_host": null,
            "share_properties": [
              {
                "cors_rule": [],
                "retention_policy": [
                  {
                    "days": 7
                  }
                ],
                "smb": []
              }
            ],
            "shared_access_key_enabled": true,
            "static_website": [],
            "table_encryption_key_type": "Service",
            "tags": null,
            "timeouts": null
          },
          "sensitive_attributes": [],
          "private": "eyJlMmJmYjczMC1lY2FhLTExZTYtOGY4OC0zNDM2M2JjN2M0YzAiOnsiY3JlYXRlIjozNjAwMDAwMDAwMDAwLCJkZWxldGUiOjM2MDAwMDAwMDAwMDAsInJlYWQiOjMwMDAwMDAwMDAwMCwidXBkYXRlIjozNjAwMDAwMDAwMDAwfSwic2NoZW1hX3ZlcnNpb24iOiIzIn0=",
          "dependencies": [
            "azurerm_resource_group.rg"
          ]
        }
      ]
    }
  ],
  "check_results": null
}
